
Microsoft Visual Studio Solution File, Format Version 12.00
# Visual Studio Version 16
VisualStudioVersion = 16.0.31410.357
MinimumVisualStudioVersion = 10.0.40219.1
Project("{FAE04EC0-301F-11D3-BF4B-00C04F79EFBC}") = "FacturacionService", "FacturacionService.csproj", "{28EA43DF-4321-437A-B789-B8DF962C9902}"
EndProject
Global
	GlobalSection(SolutionConfigurationPlatforms) = preSolution
		Debug|Any CPU = Debug|Any CPU
		Release|Any CPU = Release|Any CPU
	EndGlobalSection
	GlobalSection(ProjectConfigurationPlatforms) = postSolution
		{28EA43DF-4321-437A-B789-B8DF962C9902}.Debug|Any CPU.ActiveCfg = Debug|Any CPU
		{28EA43DF-4321-437A-B789-B8DF962C9902}.Debug|Any CPU.Build.0 = Debug|Any CPU
		{28EA43DF-4321-437A-B789-B8DF962C9902}.Release|Any CPU.ActiveCfg = Release|Any CPU
		{28EA43DF-4321-437A-B789-B8DF962C9902}.Release|Any CPU.Build.0 = Release|Any CPU
	EndGlobalSection
	GlobalSection(SolutionProperties) = preSolution
		HideSolutionNode = FALSE
	EndGlobalSection
	GlobalSection(ExtensibilityGlobals) = postSolution
		SolutionGuid = {8E0B73F0-9BDC-43C2-99A6-A7227D9B1E80}
	EndGlobalSection
EndGlobal
